
Microsoft Visual Studio Solution File, Format Version 12.00
# Visual Studio Version 17
VisualStudioVersion = 17.8.34525.116
MinimumVisualStudioVersion = 10.0.40219.1
Project("{9A19103F-16F7-4668-BE54-9A1E7A4F7556}") = "Lindengine", "Engine\Lindengine.csproj", "{F8B0F2DB-F80E-41ED-BEDF-50897F84DBA2}"
EndProject
Project("{FAE04EC0-301F-11D3-BF4B-00C04F79EFBC}") = "Demo", "Demo\Demo.csproj", "{E1C0C220-8885-45C6-A5C1-5A9119F46D8E}"
EndProject
Project("{FAE04EC0-301F-11D3-BF4B-00C04F79EFBC}") = "Tests", "Tests\Tests.csproj", "{43FBDB61-B762-4BBC-9762-3F46A1244D6E}"
EndProject
Project("{2150E333-8FDC-42A3-9474-1A3956D46DE8}") = "Элементы решения", "Элементы решения", "{8A262FD3-7E09-4384-A802-A5E7ED25D92A}"
	ProjectSection(SolutionItems) = preProject
		.github\workflows\dotnet.yml = .github\workflows\dotnet.yml
		README.md = README.md
	EndProjectSection
EndProject
Global
	GlobalSection(SolutionConfigurationPlatforms) = preSolution
		Debug|Any CPU = Debug|Any CPU
		Release|Any CPU = Release|Any CPU
	EndGlobalSection
	GlobalSection(ProjectConfigurationPlatforms) = postSolution
		{F8B0F2DB-F80E-41ED-BEDF-50897F84DBA2}.Debug|Any CPU.ActiveCfg = Debug|Any CPU
		{F8B0F2DB-F80E-41ED-BEDF-50897F84DBA2}.Debug|Any CPU.Build.0 = Debug|Any CPU
		{F8B0F2DB-F80E-41ED-BEDF-50897F84DBA2}.Release|Any CPU.ActiveCfg = Release|Any CPU
		{F8B0F2DB-F80E-41ED-BEDF-50897F84DBA2}.Release|Any CPU.Build.0 = Release|Any CPU
		{E1C0C220-8885-45C6-A5C1-5A9119F46D8E}.Debug|Any CPU.ActiveCfg = Debug|Any CPU
		{E1C0C220-8885-45C6-A5C1-5A9119F46D8E}.Debug|Any CPU.Build.0 = Debug|Any CPU
		{E1C0C220-8885-45C6-A5C1-5A9119F46D8E}.Release|Any CPU.ActiveCfg = Release|Any CPU
		{E1C0C220-8885-45C6-A5C1-5A9119F46D8E}.Release|Any CPU.Build.0 = Release|Any CPU
		{43FBDB61-B762-4BBC-9762-3F46A1244D6E}.Debug|Any CPU.ActiveCfg = Debug|Any CPU
		{43FBDB61-B762-4BBC-9762-3F46A1244D6E}.Debug|Any CPU.Build.0 = Debug|Any CPU
		{43FBDB61-B762-4BBC-9762-3F46A1244D6E}.Release|Any CPU.ActiveCfg = Release|Any CPU
		{43FBDB61-B762-4BBC-9762-3F46A1244D6E}.Release|Any CPU.Build.0 = Release|Any CPU
	EndGlobalSection
	GlobalSection(SolutionProperties) = preSolution
		HideSolutionNode = FALSE
	EndGlobalSection
	GlobalSection(ExtensibilityGlobals) = postSolution
		SolutionGuid = {1D5C14EF-F3CA-4C71-A299-4BB96A27B3AB}
	EndGlobalSection
EndGlobal
