
Microsoft Visual Studio Solution File, Format Version 12.00
# Visual Studio Version 17
VisualStudioVersion = 17.8.34511.84
MinimumVisualStudioVersion = 10.0.40219.1
Project("{9A19103F-16F7-4668-BE54-9A1E7A4F7556}") = "core", "core\core.csproj", "{14E38DB9-DA08-4318-BEC0-74D05627D256}"
	ProjectSection(ProjectDependencies) = postProject
		{75A71720-F828-4CA4-8923-41B7ECBA51B7} = {75A71720-F828-4CA4-8923-41B7ECBA51B7}
	EndProjectSection
EndProject
Project("{9A19103F-16F7-4668-BE54-9A1E7A4F7556}") = "gui", "gui\gui.csproj", "{51770723-9AE4-47BB-A28E-C27088B33BC3}"
	ProjectSection(ProjectDependencies) = postProject
		{75A71720-F828-4CA4-8923-41B7ECBA51B7} = {75A71720-F828-4CA4-8923-41B7ECBA51B7}
	EndProjectSection
EndProject
Project("{9A19103F-16F7-4668-BE54-9A1E7A4F7556}") = "common", "common\common.csproj", "{75A71720-F828-4CA4-8923-41B7ECBA51B7}"
EndProject
Project("{2150E333-8FDC-42A3-9474-1A3956D46DE8}") = "Элементы решения", "Элементы решения", "{DE280D2E-8480-4777-A37F-83A2A6F33F19}"
	ProjectSection(SolutionItems) = preProject
		README.md = README.md
	EndProjectSection
EndProject
Global
	GlobalSection(SolutionConfigurationPlatforms) = preSolution
		Debug|Any CPU = Debug|Any CPU
		Release|Any CPU = Release|Any CPU
	EndGlobalSection
	GlobalSection(ProjectConfigurationPlatforms) = postSolution
		{14E38DB9-DA08-4318-BEC0-74D05627D256}.Debug|Any CPU.ActiveCfg = Debug|Any CPU
		{14E38DB9-DA08-4318-BEC0-74D05627D256}.Debug|Any CPU.Build.0 = Debug|Any CPU
		{14E38DB9-DA08-4318-BEC0-74D05627D256}.Release|Any CPU.ActiveCfg = Release|Any CPU
		{14E38DB9-DA08-4318-BEC0-74D05627D256}.Release|Any CPU.Build.0 = Release|Any CPU
		{51770723-9AE4-47BB-A28E-C27088B33BC3}.Debug|Any CPU.ActiveCfg = Debug|Any CPU
		{51770723-9AE4-47BB-A28E-C27088B33BC3}.Debug|Any CPU.Build.0 = Debug|Any CPU
		{51770723-9AE4-47BB-A28E-C27088B33BC3}.Release|Any CPU.ActiveCfg = Release|Any CPU
		{51770723-9AE4-47BB-A28E-C27088B33BC3}.Release|Any CPU.Build.0 = Release|Any CPU
		{75A71720-F828-4CA4-8923-41B7ECBA51B7}.Debug|Any CPU.ActiveCfg = Debug|Any CPU
		{75A71720-F828-4CA4-8923-41B7ECBA51B7}.Debug|Any CPU.Build.0 = Debug|Any CPU
		{75A71720-F828-4CA4-8923-41B7ECBA51B7}.Release|Any CPU.ActiveCfg = Release|Any CPU
		{75A71720-F828-4CA4-8923-41B7ECBA51B7}.Release|Any CPU.Build.0 = Release|Any CPU
	EndGlobalSection
	GlobalSection(SolutionProperties) = preSolution
		HideSolutionNode = FALSE
	EndGlobalSection
	GlobalSection(ExtensibilityGlobals) = postSolution
		SolutionGuid = {C10E231A-FBCE-4E99-9A23-5D1C58F82F9B}
	EndGlobalSection
EndGlobal
