
Microsoft Visual Studio Solution File, Format Version 12.00
# Visual Studio Version 17
VisualStudioVersion = 17.8.34525.116
MinimumVisualStudioVersion = 10.0.40219.1
Project("{FAE04EC0-301F-11D3-BF4B-00C04F79EFBC}") = "Engine", "Engine\Engine.csproj", "{F8B0F2DB-F80E-41ED-BEDF-50897F84DBA2}"
EndProject
Global
	GlobalSection(SolutionConfigurationPlatforms) = preSolution
		Debug|Any CPU = Debug|Any CPU
		Release|Any CPU = Release|Any CPU
	EndGlobalSection
	GlobalSection(ProjectConfigurationPlatforms) = postSolution
		{F8B0F2DB-F80E-41ED-BEDF-50897F84DBA2}.Debug|Any CPU.ActiveCfg = Debug|Any CPU
		{F8B0F2DB-F80E-41ED-BEDF-50897F84DBA2}.Debug|Any CPU.Build.0 = Debug|Any CPU
		{F8B0F2DB-F80E-41ED-BEDF-50897F84DBA2}.Release|Any CPU.ActiveCfg = Release|Any CPU
		{F8B0F2DB-F80E-41ED-BEDF-50897F84DBA2}.Release|Any CPU.Build.0 = Release|Any CPU
	EndGlobalSection
	GlobalSection(SolutionProperties) = preSolution
		HideSolutionNode = FALSE
	EndGlobalSection
	GlobalSection(ExtensibilityGlobals) = postSolution
		SolutionGuid = {1D5C14EF-F3CA-4C71-A299-4BB96A27B3AB}
	EndGlobalSection
EndGlobal
